// !$*UTF8*$!
{
	archiveVersion = 1;
	classes = {
	};
	objectVersion = 46;
	objects = {

/* Begin PBXBuildFile section */
		A232389F1DB9C6A5001F4FD9 /* AppDelegate.m in Sources */ = {isa = PBXBuildFile; fileRef = A232389E1DB9C6A5001F4FD9 /* AppDelegate.m */; };
		A23238A21DB9C6A5001F4FD9 /* main.m in Sources */ = {isa = PBXBuildFile; fileRef = A23238A11DB9C6A5001F4FD9 /* main.m */; };
		A23238A41DB9C6A5001F4FD9 /* Assets.xcassets in Resources */ = {isa = PBXBuildFile; fileRef = A23238A31DB9C6A5001F4FD9 /* Assets.xcassets */; };
		A23238A71DB9C6A5001F4FD9 /* MainMenu.xib in Resources */ = {isa = PBXBuildFile; fileRef = A23238A51DB9C6A5001F4FD9 /* MainMenu.xib */; };
		A23238B21DB9C6A5001F4FD9 /* CC_ListenerTests.m in Sources */ = {isa = PBXBuildFile; fileRef = A23238B11DB9C6A5001F4FD9 /* CC_ListenerTests.m */; };
		A23238BE1DB9C834001F4FD9 /* CCSocketManager.m in Sources */ = {isa = PBXBuildFile; fileRef = A23238BD1DB9C834001F4FD9 /* CCSocketManager.m */; };
		A3A6C98DED759E2C17518E93 /* libPods-CC-Listener.a in Frameworks */ = {isa = PBXBuildFile; fileRef = 96D9F7CA656BB73003F2CE42 /* libPods-CC-Listener.a */; };
/* End PBXBuildFile section */

/* Begin PBXContainerItemProxy section */
		A23238AE1DB9C6A5001F4FD9 /* PBXContainerItemProxy */ = {
			isa = PBXContainerItemProxy;
			containerPortal = A23238921DB9C6A5001F4FD9 /* Project object */;
			proxyType = 1;
			remoteGlobalIDString = A23238991DB9C6A5001F4FD9;
			remoteInfo = "CC-Listener";
		};
/* End PBXContainerItemProxy section */

/* Begin PBXFileReference section */
		1C35FDA51D9F200B82452EB5 /* Pods-CC-Listener.release.xcconfig */ = {isa = PBXFileReference; includeInIndex = 1; lastKnownFileType = text.xcconfig; name = "Pods-CC-Listener.release.xcconfig"; path = "Pods/Target Support Files/Pods-CC-Listener/Pods-CC-Listener.release.xcconfig"; sourceTree = "<group>"; };
		451F309628EFE091602E8C7B /* Pods-CC-Listener.debug.xcconfig */ = {isa = PBXFileReference; includeInIndex = 1; lastKnownFileType = text.xcconfig; name = "Pods-CC-Listener.debug.xcconfig"; path = "Pods/Target Support Files/Pods-CC-Listener/Pods-CC-Listener.debug.xcconfig"; sourceTree = "<group>"; };
		96D9F7CA656BB73003F2CE42 /* libPods-CC-Listener.a */ = {isa = PBXFileReference; explicitFileType = archive.ar; includeInIndex = 0; path = "libPods-CC-Listener.a"; sourceTree = BUILT_PRODUCTS_DIR; };
		A232389A1DB9C6A5001F4FD9 /* CC-Listener.app */ = {isa = PBXFileReference; explicitFileType = wrapper.application; includeInIndex = 0; path = "CC-Listener.app"; sourceTree = BUILT_PRODUCTS_DIR; };
		A232389D1DB9C6A5001F4FD9 /* AppDelegate.h */ = {isa = PBXFileReference; lastKnownFileType = sourcecode.c.h; path = AppDelegate.h; sourceTree = "<group>"; };
		A232389E1DB9C6A5001F4FD9 /* AppDelegate.m */ = {isa = PBXFileReference; lastKnownFileType = sourcecode.c.objc; path = AppDelegate.m; sourceTree = "<group>"; };
		A23238A11DB9C6A5001F4FD9 /* main.m */ = {isa = PBXFileReference; lastKnownFileType = sourcecode.c.objc; path = main.m; sourceTree = "<group>"; };
		A23238A31DB9C6A5001F4FD9 /* Assets.xcassets */ = {isa = PBXFileReference; lastKnownFileType = folder.assetcatalog; path = Assets.xcassets; sourceTree = "<group>"; };
		A23238A61DB9C6A5001F4FD9 /* Base */ = {isa = PBXFileReference; lastKnownFileType = file.xib; name = Base; path = Base.lproj/MainMenu.xib; sourceTree = "<group>"; };
		A23238A81DB9C6A5001F4FD9 /* Info.plist */ = {isa = PBXFileReference; lastKnownFileType = text.plist.xml; path = Info.plist; sourceTree = "<group>"; };
		A23238AD1DB9C6A5001F4FD9 /* CC-ListenerTests.xctest */ = {isa = PBXFileReference; explicitFileType = wrapper.cfbundle; includeInIndex = 0; path = "CC-ListenerTests.xctest"; sourceTree = BUILT_PRODUCTS_DIR; };
		A23238B11DB9C6A5001F4FD9 /* CC_ListenerTests.m */ = {isa = PBXFileReference; lastKnownFileType = sourcecode.c.objc; path = CC_ListenerTests.m; sourceTree = "<group>"; };
		A23238B31DB9C6A5001F4FD9 /* Info.plist */ = {isa = PBXFileReference; lastKnownFileType = text.plist.xml; path = Info.plist; sourceTree = "<group>"; };
		A23238BC1DB9C834001F4FD9 /* CCSocketManager.h */ = {isa = PBXFileReference; fileEncoding = 4; lastKnownFileType = sourcecode.c.h; path = CCSocketManager.h; sourceTree = "<group>"; };
		A23238BD1DB9C834001F4FD9 /* CCSocketManager.m */ = {isa = PBXFileReference; fileEncoding = 4; lastKnownFileType = sourcecode.c.objc; path = CCSocketManager.m; sourceTree = "<group>"; };
/* End PBXFileReference section */

/* Begin PBXFrameworksBuildPhase section */
		A23238971DB9C6A5001F4FD9 /* Frameworks */ = {
			isa = PBXFrameworksBuildPhase;
			buildActionMask = 2147483647;
			files = (
				A3A6C98DED759E2C17518E93 /* libPods-CC-Listener.a in Frameworks */,
			);
			runOnlyForDeploymentPostprocessing = 0;
		};
		A23238AA1DB9C6A5001F4FD9 /* Frameworks */ = {
			isa = PBXFrameworksBuildPhase;
			buildActionMask = 2147483647;
			files = (
			);
			runOnlyForDeploymentPostprocessing = 0;
		};
/* End PBXFrameworksBuildPhase section */

/* Begin PBXGroup section */
		84141032E38EA5CE1DB5B3BD /* Frameworks */ = {
			isa = PBXGroup;
			children = (
				96D9F7CA656BB73003F2CE42 /* libPods-CC-Listener.a */,
			);
			name = Frameworks;
			sourceTree = "<group>";
		};
		A23238911DB9C6A5001F4FD9 = {
			isa = PBXGroup;
			children = (
				A232389C1DB9C6A5001F4FD9 /* CC-Listener */,
				A23238B01DB9C6A5001F4FD9 /* CC-ListenerTests */,
				A232389B1DB9C6A5001F4FD9 /* Products */,
				EE77FCC8E774D1DE62B85092 /* Pods */,
				84141032E38EA5CE1DB5B3BD /* Frameworks */,
			);
			sourceTree = "<group>";
		};
		A232389B1DB9C6A5001F4FD9 /* Products */ = {
			isa = PBXGroup;
			children = (
				A232389A1DB9C6A5001F4FD9 /* CC-Listener.app */,
				A23238AD1DB9C6A5001F4FD9 /* CC-ListenerTests.xctest */,
			);
			name = Products;
			sourceTree = "<group>";
		};
		A232389C1DB9C6A5001F4FD9 /* CC-Listener */ = {
			isa = PBXGroup;
			children = (
				A232389D1DB9C6A5001F4FD9 /* AppDelegate.h */,
				A232389E1DB9C6A5001F4FD9 /* AppDelegate.m */,
				A23238A31DB9C6A5001F4FD9 /* Assets.xcassets */,
				A23238A51DB9C6A5001F4FD9 /* MainMenu.xib */,
				A23238A81DB9C6A5001F4FD9 /* Info.plist */,
				A23238A01DB9C6A5001F4FD9 /* Supporting Files */,
				A23238BC1DB9C834001F4FD9 /* CCSocketManager.h */,
				A23238BD1DB9C834001F4FD9 /* CCSocketManager.m */,
			);
			path = "CC-Listener";
			sourceTree = "<group>";
		};
		A23238A01DB9C6A5001F4FD9 /* Supporting Files */ = {
			isa = PBXGroup;
			children = (
				A23238A11DB9C6A5001F4FD9 /* main.m */,
			);
			name = "Supporting Files";
			sourceTree = "<group>";
		};
		A23238B01DB9C6A5001F4FD9 /* CC-ListenerTests */ = {
			isa = PBXGroup;
			children = (
				A23238B11DB9C6A5001F4FD9 /* CC_ListenerTests.m */,
				A23238B31DB9C6A5001F4FD9 /* Info.plist */,
			);
			path = "CC-ListenerTests";
			sourceTree = "<group>";
		};
		EE77FCC8E774D1DE62B85092 /* Pods */ = {
			isa = PBXGroup;
			children = (
				451F309628EFE091602E8C7B /* Pods-CC-Listener.debug.xcconfig */,
				1C35FDA51D9F200B82452EB5 /* Pods-CC-Listener.release.xcconfig */,
			);
			name = Pods;
			sourceTree = "<group>";
		};
/* End PBXGroup section */

/* Begin PBXNativeTarget section */
		A23238991DB9C6A5001F4FD9 /* CC-Listener */ = {
			isa = PBXNativeTarget;
			buildConfigurationList = A23238B61DB9C6A5001F4FD9 /* Build configuration list for PBXNativeTarget "CC-Listener" */;
			buildPhases = (
				3E38E9CB037A8B2DEEEB059A /* [CP] Check Pods Manifest.lock */,
				A23238961DB9C6A5001F4FD9 /* Sources */,
				A23238971DB9C6A5001F4FD9 /* Frameworks */,
				A23238981DB9C6A5001F4FD9 /* Resources */,
				0014C445E204E2B9C23FCBE4 /* [CP] Embed Pods Frameworks */,
				AF68EF35AD19A4CA8945C28E /* [CP] Copy Pods Resources */,
			);
			buildRules = (
			);
			dependencies = (
			);
			name = "CC-Listener";
			productName = "CC-Listener";
			productReference = A232389A1DB9C6A5001F4FD9 /* CC-Listener.app */;
			productType = "com.apple.product-type.application";
		};
		A23238AC1DB9C6A5001F4FD9 /* CC-ListenerTests */ = {
			isa = PBXNativeTarget;
			buildConfigurationList = A23238B91DB9C6A5001F4FD9 /* Build configuration list for PBXNativeTarget "CC-ListenerTests" */;
			buildPhases = (
				A23238A91DB9C6A5001F4FD9 /* Sources */,
				A23238AA1DB9C6A5001F4FD9 /* Frameworks */,
				A23238AB1DB9C6A5001F4FD9 /* Resources */,
			);
			buildRules = (
			);
			dependencies = (
				A23238AF1DB9C6A5001F4FD9 /* PBXTargetDependency */,
			);
			name = "CC-ListenerTests";
			productName = "CC-ListenerTests";
			productReference = A23238AD1DB9C6A5001F4FD9 /* CC-ListenerTests.xctest */;
			productType = "com.apple.product-type.bundle.unit-test";
		};
/* End PBXNativeTarget section */

/* Begin PBXProject section */
		A23238921DB9C6A5001F4FD9 /* Project object */ = {
			isa = PBXProject;
			attributes = {
				LastUpgradeCheck = 0720;
				ORGANIZATIONNAME = "Vera Lukman";
				TargetAttributes = {
					A23238991DB9C6A5001F4FD9 = {
						CreatedOnToolsVersion = 7.2.1;
						DevelopmentTeam = PZ7EBDQLH7;
					};
					A23238AC1DB9C6A5001F4FD9 = {
						CreatedOnToolsVersion = 7.2.1;
						TestTargetID = A23238991DB9C6A5001F4FD9;
					};
				};
			};
			buildConfigurationList = A23238951DB9C6A5001F4FD9 /* Build configuration list for PBXProject "CC-Listener" */;
			compatibilityVersion = "Xcode 3.2";
			developmentRegion = English;
			hasScannedForEncodings = 0;
			knownRegions = (
				en,
				Base,
			);
			mainGroup = A23238911DB9C6A5001F4FD9;
			productRefGroup = A232389B1DB9C6A5001F4FD9 /* Products */;
			projectDirPath = "";
			projectRoot = "";
			targets = (
				A23238991DB9C6A5001F4FD9 /* CC-Listener */,
				A23238AC1DB9C6A5001F4FD9 /* CC-ListenerTests */,
			);
		};
/* End PBXProject section */

/* Begin PBXResourcesBuildPhase section */
		A23238981DB9C6A5001F4FD9 /* Resources */ = {
			isa = PBXResourcesBuildPhase;
			buildActionMask = 2147483647;
			files = (
				A23238A41DB9C6A5001F4FD9 /* Assets.xcassets in Resources */,
				A23238A71DB9C6A5001F4FD9 /* MainMenu.xib in Resources */,
			);
			runOnlyForDeploymentPostprocessing = 0;
		};
		A23238AB1DB9C6A5001F4FD9 /* Resources */ = {
			isa = PBXResourcesBuildPhase;
			buildActionMask = 2147483647;
			files = (
			);
			runOnlyForDeploymentPostprocessing = 0;
		};
/* End PBXResourcesBuildPhase section */

/* Begin PBXShellScriptBuildPhase section */
		0014C445E204E2B9C23FCBE4 /* [CP] Embed Pods Frameworks */ = {
			isa = PBXShellScriptBuildPhase;
			buildActionMask = 2147483647;
			files = (
			);
			inputPaths = (
			);
			name = "[CP] Embed Pods Frameworks";
			outputPaths = (
			);
			runOnlyForDeploymentPostprocessing = 0;
			shellPath = /bin/sh;
			shellScript = "\"${SRCROOT}/Pods/Target Support Files/Pods-CC-Listener/Pods-CC-Listener-frameworks.sh\"\n";
			showEnvVarsInLog = 0;
		};
		3E38E9CB037A8B2DEEEB059A /* [CP] Check Pods Manifest.lock */ = {
			isa = PBXShellScriptBuildPhase;
			buildActionMask = 2147483647;
			files = (
			);
			inputPaths = (
			);
			name = "[CP] Check Pods Manifest.lock";
			outputPaths = (
			);
			runOnlyForDeploymentPostprocessing = 0;
			shellPath = /bin/sh;
			shellScript = "diff \"${PODS_ROOT}/../Podfile.lock\" \"${PODS_ROOT}/Manifest.lock\" > /dev/null\nif [ $? != 0 ] ; then\n    # print error to STDERR\n    echo \"error: The sandbox is not in sync with the Podfile.lock. Run 'pod install' or update your CocoaPods installation.\" >&2\n    exit 1\nfi\n";
			showEnvVarsInLog = 0;
		};
		AF68EF35AD19A4CA8945C28E /* [CP] Copy Pods Resources */ = {
			isa = PBXShellScriptBuildPhase;
			buildActionMask = 2147483647;
			files = (
			);
			inputPaths = (
			);
			name = "[CP] Copy Pods Resources";
			outputPaths = (
			);
			runOnlyForDeploymentPostprocessing = 0;
			shellPath = /bin/sh;
			shellScript = "\"${SRCROOT}/Pods/Target Support Files/Pods-CC-Listener/Pods-CC-Listener-resources.sh\"\n";
			showEnvVarsInLog = 0;
		};
/* End PBXShellScriptBuildPhase section */

/* Begin PBXSourcesBuildPhase section */
		A23238961DB9C6A5001F4FD9 /* Sources */ = {
			isa = PBXSourcesBuildPhase;
			buildActionMask = 2147483647;
			files = (
				A23238A21DB9C6A5001F4FD9 /* main.m in Sources */,
				A23238BE1DB9C834001F4FD9 /* CCSocketManager.m in Sources */,
				A232389F1DB9C6A5001F4FD9 /* AppDelegate.m in Sources */,
			);
			runOnlyForDeploymentPostprocessing = 0;
		};
		A23238A91DB9C6A5001F4FD9 /* Sources */ = {
			isa = PBXSourcesBuildPhase;
			buildActionMask = 2147483647;
			files = (
				A23238B21DB9C6A5001F4FD9 /* CC_ListenerTests.m in Sources */,
			);
			runOnlyForDeploymentPostprocessing = 0;
		};
/* End PBXSourcesBuildPhase section */

/* Begin PBXTargetDependency section */
		A23238AF1DB9C6A5001F4FD9 /* PBXTargetDependency */ = {
			isa = PBXTargetDependency;
			target = A23238991DB9C6A5001F4FD9 /* CC-Listener */;
			targetProxy = A23238AE1DB9C6A5001F4FD9 /* PBXContainerItemProxy */;
		};
/* End PBXTargetDependency section */

/* Begin PBXVariantGroup section */
		A23238A51DB9C6A5001F4FD9 /* MainMenu.xib */ = {
			isa = PBXVariantGroup;
			children = (
				A23238A61DB9C6A5001F4FD9 /* Base */,
			);
			name = MainMenu.xib;
			sourceTree = "<group>";
		};
/* End PBXVariantGroup section */

/* Begin XCBuildConfiguration section */
		A23238B41DB9C6A5001F4FD9 /* Debug */ = {
			isa = XCBuildConfiguration;
			buildSettings = {
				ALWAYS_SEARCH_USER_PATHS = NO;
				CLANG_CXX_LANGUAGE_STANDARD = "gnu++0x";
				CLANG_CXX_LIBRARY = "libc++";
				CLANG_ENABLE_MODULES = YES;
				CLANG_ENABLE_OBJC_ARC = YES;
				CLANG_WARN_BOOL_CONVERSION = YES;
				CLANG_WARN_CONSTANT_CONVERSION = YES;
				CLANG_WARN_DIRECT_OBJC_ISA_USAGE = YES_ERROR;
				CLANG_WARN_EMPTY_BODY = YES;
				CLANG_WARN_ENUM_CONVERSION = YES;
				CLANG_WARN_INT_CONVERSION = YES;
				CLANG_WARN_OBJC_ROOT_CLASS = YES_ERROR;
				CLANG_WARN_UNREACHABLE_CODE = YES;
				CLANG_WARN__DUPLICATE_METHOD_MATCH = YES;
				CODE_SIGN_IDENTITY = "-";
				COPY_PHASE_STRIP = NO;
				DEBUG_INFORMATION_FORMAT = dwarf;
				ENABLE_STRICT_OBJC_MSGSEND = YES;
				ENABLE_TESTABILITY = YES;
				GCC_C_LANGUAGE_STANDARD = gnu99;
				GCC_DYNAMIC_NO_PIC = NO;
				GCC_NO_COMMON_BLOCKS = YES;
				GCC_OPTIMIZATION_LEVEL = 0;
				GCC_PREPROCESSOR_DEFINITIONS = (
					"DEBUG=1",
					"$(inherited)",
				);
				GCC_WARN_64_TO_32_BIT_CONVERSION = YES;
				GCC_WARN_ABOUT_RETURN_TYPE = YES_ERROR;
				GCC_WARN_UNDECLARED_SELECTOR = YES;
				GCC_WARN_UNINITIALIZED_AUTOS = YES_AGGRESSIVE;
				GCC_WARN_UNUSED_FUNCTION = YES;
				GCC_WARN_UNUSED_VARIABLE = YES;
				MACOSX_DEPLOYMENT_TARGET = 10.10;
				MTL_ENABLE_DEBUG_INFO = YES;
				ONLY_ACTIVE_ARCH = YES;
				SDKROOT = macosx;
			};
			name = Debug;
		};
		A23238B51DB9C6A5001F4FD9 /* Release */ = {
			isa = XCBuildConfiguration;
			buildSettings = {
				ALWAYS_SEARCH_USER_PATHS = NO;
				CLANG_CXX_LANGUAGE_STANDARD = "gnu++0x";
				CLANG_CXX_LIBRARY = "libc++";
				CLANG_ENABLE_MODULES = YES;
				CLANG_ENABLE_OBJC_ARC = YES;
				CLANG_WARN_BOOL_CONVERSION = YES;
				CLANG_WARN_CONSTANT_CONVERSION = YES;
				CLANG_WARN_DIRECT_OBJC_ISA_USAGE = YES_ERROR;
				CLANG_WARN_EMPTY_BODY = YES;
				CLANG_WARN_ENUM_CONVERSION = YES;
				CLANG_WARN_INT_CONVERSION = YES;
				CLANG_WARN_OBJC_ROOT_CLASS = YES_ERROR;
				CLANG_WARN_UNREACHABLE_CODE = YES;
				CLANG_WARN__DUPLICATE_METHOD_MATCH = YES;
				CODE_SIGN_IDENTITY = "-";
				COPY_PHASE_STRIP = NO;
				DEBUG_INFORMATION_FORMAT = "dwarf-with-dsym";
				ENABLE_NS_ASSERTIONS = NO;
				ENABLE_STRICT_OBJC_MSGSEND = YES;
				GCC_C_LANGUAGE_STANDARD = gnu99;
				GCC_NO_COMMON_BLOCKS = YES;
				GCC_WARN_64_TO_32_BIT_CONVERSION = YES;
				GCC_WARN_ABOUT_RETURN_TYPE = YES_ERROR;
				GCC_WARN_UNDECLARED_SELECTOR = YES;
				GCC_WARN_UNINITIALIZED_AUTOS = YES_AGGRESSIVE;
				GCC_WARN_UNUSED_FUNCTION = YES;
				GCC_WARN_UNUSED_VARIABLE = YES;
				MACOSX_DEPLOYMENT_TARGET = 10.10;
				MTL_ENABLE_DEBUG_INFO = NO;
				SDKROOT = macosx;
			};
			name = Release;
		};
		A23238B71DB9C6A5001F4FD9 /* Debug */ = {
			isa = XCBuildConfiguration;
			baseConfigurationReference = 451F309628EFE091602E8C7B /* Pods-CC-Listener.debug.xcconfig */;
			buildSettings = {
				ASSETCATALOG_COMPILER_APPICON_NAME = AppIcon;
				COMBINE_HIDPI_IMAGES = YES;
				INFOPLIST_FILE = "CC-Listener/Info.plist";
				LD_RUNPATH_SEARCH_PATHS = "$(inherited) @executable_path/../Frameworks";
				PRODUCT_BUNDLE_IDENTIFIER = "vl.CC-Listener";
				PRODUCT_NAME = "$(TARGET_NAME)";
			};
			name = Debug;
		};
		A23238B81DB9C6A5001F4FD9 /* Release */ = {
			isa = XCBuildConfiguration;
			baseConfigurationReference = 1C35FDA51D9F200B82452EB5 /* Pods-CC-Listener.release.xcconfig */;
			buildSettings = {
				ASSETCATALOG_COMPILER_APPICON_NAME = AppIcon;
				COMBINE_HIDPI_IMAGES = YES;
				INFOPLIST_FILE = "CC-Listener/Info.plist";
				LD_RUNPATH_SEARCH_PATHS = "$(inherited) @executable_path/../Frameworks";
				PRODUCT_BUNDLE_IDENTIFIER = "vl.CC-Listener";
				PRODUCT_NAME = "$(TARGET_NAME)";
			};
			name = Release;
		};
		A23238BA1DB9C6A5001F4FD9 /* Debug */ = {
			isa = XCBuildConfiguration;
			buildSettings = {
				BUNDLE_LOADER = "$(TEST_HOST)";
				COMBINE_HIDPI_IMAGES = YES;
				INFOPLIST_FILE = "CC-ListenerTests/Info.plist";
				LD_RUNPATH_SEARCH_PATHS = "$(inherited) @executable_path/../Frameworks @loader_path/../Frameworks";
				PRODUCT_BUNDLE_IDENTIFIER = "vl.CC-ListenerTests";
				PRODUCT_NAME = "$(TARGET_NAME)";
				TEST_HOST = "$(BUILT_PRODUCTS_DIR)/CC-Listener.app/Contents/MacOS/CC-Listener";
			};
			name = Debug;
		};
		A23238BB1DB9C6A5001F4FD9 /* Release */ = {
			isa = XCBuildConfiguration;
			buildSettings = {
				BUNDLE_LOADER = "$(TEST_HOST)";
				COMBINE_HIDPI_IMAGES = YES;
				INFOPLIST_FILE = "CC-ListenerTests/Info.plist";
				LD_RUNPATH_SEARCH_PATHS = "$(inherited) @executable_path/../Frameworks @loader_path/../Frameworks";
				PRODUCT_BUNDLE_IDENTIFIER = "vl.CC-ListenerTests";
				PRODUCT_NAME = "$(TARGET_NAME)";
				TEST_HOST = "$(BUILT_PRODUCTS_DIR)/CC-Listener.app/Contents/MacOS/CC-Listener";
			};
			name = Release;
		};
/* End XCBuildConfiguration section */

/* Begin XCConfigurationList section */
		A23238951DB9C6A5001F4FD9 /* Build configuration list for PBXProject "CC-Listener" */ = {
			isa = XCConfigurationList;
			buildConfigurations = (
				A23238B41DB9C6A5001F4FD9 /* Debug */,
				A23238B51DB9C6A5001F4FD9 /* Release */,
			);
			defaultConfigurationIsVisible = 0;
			defaultConfigurationName = Release;
		};
		A23238B61DB9C6A5001F4FD9 /* Build configuration list for PBXNativeTarget "CC-Listener" */ = {
			isa = XCConfigurationList;
			buildConfigurations = (
				A23238B71DB9C6A5001F4FD9 /* Debug */,
				A23238B81DB9C6A5001F4FD9 /* Release */,
			);
			defaultConfigurationIsVisible = 0;
			defaultConfigurationName = Release;
		};
		A23238B91DB9C6A5001F4FD9 /* Build configuration list for PBXNativeTarget "CC-ListenerTests" */ = {
			isa = XCConfigurationList;
			buildConfigurations = (
				A23238BA1DB9C6A5001F4FD9 /* Debug */,
				A23238BB1DB9C6A5001F4FD9 /* Release */,
			);
			defaultConfigurationIsVisible = 0;
			defaultConfigurationName = Release;
		};
/* End XCConfigurationList section */
	};
	rootObject = A23238921DB9C6A5001F4FD9 /* Project object */;
}
